github.com/4nte/meetup/coffee/diy_serialization v0.0.0-20221121151637-c4645b433571 h1:Dx2NC2H7L9he/g6CIioISrL29YdtFUMYbkjoueg9B1U=
github.com/4nte/meetup/coffee/diy_serialization v0.0.0-20221121151637-c4645b433571/go.mod h1:GR48qZjYROKCAghFD6erGqjnjvQhGwi9+0jjo0JdWe8=
golang.org/x/net v0.2.0 h1:sZfSu1wtKLGlWI4ZZayP0ck9Y73K1ynO6gqzTdBVdPU=
golang.org/x/net v0.2.0/go.mod h1:KqCZLdyyvdV855qA2rE3GC2aiw5xGR5TEjj8smXukLY=
golang.org/x/text v0.4.0 h1:BrVqGRd7+k1DiOgtnFvAkoQEWQvBc25ouMJM6429SFg=
golang.org/x/text v0.4.0/go.mod h1:mrYo+phRRbMaCq/xk9113O4dZlRixOauAjOtrjsXDZ8=
